
Microsoft Visual Studio Solution File, Format Version 12.00
# Visual Studio Version 17
VisualStudioVersion = 17.13.35919.96 d17.13
MinimumVisualStudioVersion = 10.0.40219.1
Project("{FAE04EC0-301F-11D3-BF4B-00C04F79EFBC}") = "Prob05", "Prob05.csproj", "{079C3513-59BB-4CCC-9545-FD6374724178}"
EndProject
Project("{FAE04EC0-301F-11D3-BF4B-00C04F79EFBC}") = "Biblioteca_de_prob05", "..\Biblioteca_de_prob05\Biblioteca_de_prob05.csproj", "{257C9951-8A41-4A58-8B69-FDC8D1C8ACE6}"
EndProject
Global
	GlobalSection(SolutionConfigurationPlatforms) = preSolution
		Debug|Any CPU = Debug|Any CPU
		Release|Any CPU = Release|Any CPU
	EndGlobalSection
	GlobalSection(ProjectConfigurationPlatforms) = postSolution
		{079C3513-59BB-4CCC-9545-FD6374724178}.Debug|Any CPU.ActiveCfg = Debug|Any CPU
		{079C3513-59BB-4CCC-9545-FD6374724178}.Debug|Any CPU.Build.0 = Debug|Any CPU
		{079C3513-59BB-4CCC-9545-FD6374724178}.Release|Any CPU.ActiveCfg = Release|Any CPU
		{079C3513-59BB-4CCC-9545-FD6374724178}.Release|Any CPU.Build.0 = Release|Any CPU
		{257C9951-8A41-4A58-8B69-FDC8D1C8ACE6}.Debug|Any CPU.ActiveCfg = Debug|Any CPU
		{257C9951-8A41-4A58-8B69-FDC8D1C8ACE6}.Debug|Any CPU.Build.0 = Debug|Any CPU
		{257C9951-8A41-4A58-8B69-FDC8D1C8ACE6}.Release|Any CPU.ActiveCfg = Release|Any CPU
		{257C9951-8A41-4A58-8B69-FDC8D1C8ACE6}.Release|Any CPU.Build.0 = Release|Any CPU
	EndGlobalSection
	GlobalSection(SolutionProperties) = preSolution
		HideSolutionNode = FALSE
	EndGlobalSection
	GlobalSection(ExtensibilityGlobals) = postSolution
		SolutionGuid = {D622BC56-106A-4C74-8143-28A81366C189}
	EndGlobalSection
EndGlobal
