
Microsoft Visual Studio Solution File, Format Version 12.00
# Visual Studio Version 17
VisualStudioVersion = 17.13.35919.96 d17.13
MinimumVisualStudioVersion = 10.0.40219.1
Project("{FAE04EC0-301F-11D3-BF4B-00C04F79EFBC}") = "GranadaTorres_Josue_T1", "GranadaTorres_Josue_T1.csproj", "{B226D7BF-3FF1-4A64-A170-F36E30441D09}"
EndProject
Global
	GlobalSection(SolutionConfigurationPlatforms) = preSolution
		Debug|Any CPU = Debug|Any CPU
		Release|Any CPU = Release|Any CPU
	EndGlobalSection
	GlobalSection(ProjectConfigurationPlatforms) = postSolution
		{B226D7BF-3FF1-4A64-A170-F36E30441D09}.Debug|Any CPU.ActiveCfg = Debug|Any CPU
		{B226D7BF-3FF1-4A64-A170-F36E30441D09}.Debug|Any CPU.Build.0 = Debug|Any CPU
		{B226D7BF-3FF1-4A64-A170-F36E30441D09}.Release|Any CPU.ActiveCfg = Release|Any CPU
		{B226D7BF-3FF1-4A64-A170-F36E30441D09}.Release|Any CPU.Build.0 = Release|Any CPU
	EndGlobalSection
	GlobalSection(SolutionProperties) = preSolution
		HideSolutionNode = FALSE
	EndGlobalSection
	GlobalSection(ExtensibilityGlobals) = postSolution
		SolutionGuid = {D91382F9-6F7B-4233-BE64-02A04F055176}
	EndGlobalSection
EndGlobal
