
Microsoft Visual Studio Solution File, Format Version 12.00
# Visual Studio Version 17
VisualStudioVersion = 17.13.35919.96
MinimumVisualStudioVersion = 10.0.40219.1
Project("{FAE04EC0-301F-11D3-BF4B-00C04F79EFBC}") = "Prob1", "Prob1.csproj", "{EE94005F-D1B1-4154-9276-7287795A5198}"
EndProject
Global
	GlobalSection(SolutionConfigurationPlatforms) = preSolution
		Debug|Any CPU = Debug|Any CPU
		Release|Any CPU = Release|Any CPU
	EndGlobalSection
	GlobalSection(ProjectConfigurationPlatforms) = postSolution
		{EE94005F-D1B1-4154-9276-7287795A5198}.Debug|Any CPU.ActiveCfg = Debug|Any CPU
		{EE94005F-D1B1-4154-9276-7287795A5198}.Debug|Any CPU.Build.0 = Debug|Any CPU
		{EE94005F-D1B1-4154-9276-7287795A5198}.Release|Any CPU.ActiveCfg = Release|Any CPU
		{EE94005F-D1B1-4154-9276-7287795A5198}.Release|Any CPU.Build.0 = Release|Any CPU
	EndGlobalSection
	GlobalSection(SolutionProperties) = preSolution
		HideSolutionNode = FALSE
	EndGlobalSection
	GlobalSection(ExtensibilityGlobals) = postSolution
		SolutionGuid = {5989BB2D-AA13-4899-B8A7-CB282EBA5C03}
	EndGlobalSection
EndGlobal
